
Microsoft Visual Studio Solution File, Format Version 12.00
# Visual Studio Version 17
VisualStudioVersion = 17.5.33502.453
MinimumVisualStudioVersion = 10.0.40219.1
Project("{FAE04EC0-301F-11D3-BF4B-00C04F79EFBC}") = "SHOWRESULT", "SHOWRESULT\SHOWRESULT.csproj", "{1D9B72FA-4106-43D4-AA52-49830AF6BD75}"
EndProject
Global
	GlobalSection(SolutionConfigurationPlatforms) = preSolution
		Debug|Any CPU = Debug|Any CPU
		Release|Any CPU = Release|Any CPU
	EndGlobalSection
	GlobalSection(ProjectConfigurationPlatforms) = postSolution
		{1D9B72FA-4106-43D4-AA52-49830AF6BD75}.Debug|Any CPU.ActiveCfg = Debug|Any CPU
		{1D9B72FA-4106-43D4-AA52-49830AF6BD75}.Debug|Any CPU.Build.0 = Debug|Any CPU
		{1D9B72FA-4106-43D4-AA52-49830AF6BD75}.Release|Any CPU.ActiveCfg = Release|Any CPU
		{1D9B72FA-4106-43D4-AA52-49830AF6BD75}.Release|Any CPU.Build.0 = Release|Any CPU
	EndGlobalSection
	GlobalSection(SolutionProperties) = preSolution
		HideSolutionNode = FALSE
	EndGlobalSection
	GlobalSection(ExtensibilityGlobals) = postSolution
		SolutionGuid = {9F497E0E-48AB-4D06-809B-2F66BB6F6E79}
	EndGlobalSection
EndGlobal
